# THIS IS AN AUTOGENERATED FILE. DO NOT EDIT THIS FILE DIRECTLY.
# yarn lockfile v1


ansi-bgblack@^0.1.1:
  version "0.1.1"
  resolved "https://registry.yarnpkg.com/ansi-bgblack/-/ansi-bgblack-0.1.1.tgz#a68ba5007887701b6aafbe3fa0dadfdfa8ee3ca2"
  dependencies:
    ansi-wrap "0.1.0"

ansi-bgblue@^0.1.1:
  version "0.1.1"
  resolved "https://registry.yarnpkg.com/ansi-bgblue/-/ansi-bgblue-0.1.1.tgz#67bdc04edc9b9b5278969da196dea3d75c8c3613"
  dependencies:
    ansi-wrap "0.1.0"

ansi-bgcyan@^0.1.1:
  version "0.1.1"
  resolved "https://registry.yarnpkg.com/ansi-bgcyan/-/ansi-bgcyan-0.1.1.tgz#58489425600bde9f5507068dd969ebfdb50fe768"
  dependencies:
    ansi-wrap "0.1.0"

ansi-bggreen@^0.1.1:
  version "0.1.1"
  resolved "https://registry.yarnpkg.com/ansi-bggreen/-/ansi-bggreen-0.1.1.tgz#4e3191248529943f4321e96bf131d1c13816af49"
  dependencies:
    ansi-wrap "0.1.0"

ansi-bgmagenta@^0.1.1:
  version "0.1.1"
  resolved "https://registry.yarnpkg.com/ansi-bgmagenta/-/ansi-bgmagenta-0.1.1.tgz#9b28432c076eaa999418672a3efbe19391c2c7a1"
  dependencies:
    ansi-wrap "0.1.0"

ansi-bgred@^0.1.1:
  version "0.1.1"
  resolved "https://registry.yarnpkg.com/ansi-bgred/-/ansi-bgred-0.1.1.tgz#a76f92838382ba43290a6c1778424f984d6f1041"
  dependencies:
    ansi-wrap "0.1.0"

ansi-bgwhite@^0.1.1:
  version "0.1.1"
  resolved "https://registry.yarnpkg.com/ansi-bgwhite/-/ansi-bgwhite-0.1.1.tgz#6504651377a58a6ececd0331994e480258e11ba8"
  dependencies:
    ansi-wrap "0.1.0"

ansi-bgyellow@^0.1.1:
  version "0.1.1"
  resolved "https://registry.yarnpkg.com/ansi-bgyellow/-/ansi-bgyellow-0.1.1.tgz#c3fe2eb08cd476648029e6874d15a0b38f61d44f"
  dependencies:
    ansi-wrap "0.1.0"

ansi-black@^0.1.1:
  version "0.1.1"
  resolved "https://registry.yarnpkg.com/ansi-black/-/ansi-black-0.1.1.tgz#f6185e889360b2545a1ec50c0bf063fc43032453"
  dependencies:
    ansi-wrap "0.1.0"

ansi-blue@^0.1.1:
  version "0.1.1"
  resolved "https://registry.yarnpkg.com/ansi-blue/-/ansi-blue-0.1.1.tgz#15b804990e92fc9ca8c5476ce8f699777c21edbf"
  dependencies:
    ansi-wrap "0.1.0"

ansi-bold@^0.1.1:
  version "0.1.1"
  resolved "https://registry.yarnpkg.com/ansi-bold/-/ansi-bold-0.1.1.tgz#3e63950af5acc2ae2e670e6f67deb115d1a5f505"
  dependencies:
    ansi-wrap "0.1.0"

ansi-colors@^0.2.0:
  version "0.2.0"
  resolved "https://registry.yarnpkg.com/ansi-colors/-/ansi-colors-0.2.0.tgz#72c31de2a0d9a2ccd0cac30cc9823eeb2f6434b5"
  dependencies:
    ansi-bgblack "^0.1.1"
    ansi-bgblue "^0.1.1"
    ansi-bgcyan "^0.1.1"
    ansi-bggreen "^0.1.1"
    ansi-bgmagenta "^0.1.1"
    ansi-bgred "^0.1.1"
    ansi-bgwhite "^0.1.1"
    ansi-bgyellow "^0.1.1"
    ansi-black "^0.1.1"
    ansi-blue "^0.1.1"
    ansi-bold "^0.1.1"
    ansi-cyan "^0.1.1"
    ansi-dim "^0.1.1"
    ansi-gray "^0.1.1"
    ansi-green "^0.1.1"
    ansi-grey "^0.1.1"
    ansi-hidden "^0.1.1"
    ansi-inverse "^0.1.1"
    ansi-italic "^0.1.1"
    ansi-magenta "^0.1.1"
    ansi-red "^0.1.1"
    ansi-reset "^0.1.1"
    ansi-strikethrough "^0.1.1"
    ansi-underline "^0.1.1"
    ansi-white "^0.1.1"
    ansi-yellow "^0.1.1"
    lazy-cache "^2.0.1"

ansi-cyan@^0.1.1:
  version "0.1.1"
  resolved "https://registry.yarnpkg.com/ansi-cyan/-/ansi-cyan-0.1.1.tgz#538ae528af8982f28ae30d86f2f17456d2609873"
  dependencies:
    ansi-wrap "0.1.0"

ansi-dim@^0.1.1:
  version "0.1.1"
  resolved "https://registry.yarnpkg.com/ansi-dim/-/ansi-dim-0.1.1.tgz#40de4c603aa8086d8e7a86b8ff998d5c36eefd6c"
  dependencies:
    ansi-wrap "0.1.0"

ansi-gray@^0.1.1:
  version "0.1.1"
  resolved "https://registry.yarnpkg.com/ansi-gray/-/ansi-gray-0.1.1.tgz#2962cf54ec9792c48510a3deb524436861ef7251"
  dependencies:
    ansi-wrap "0.1.0"

ansi-green@^0.1.1:
  version "0.1.1"
  resolved "https://registry.yarnpkg.com/ansi-green/-/ansi-green-0.1.1.tgz#8a5d9a979e458d57c40e33580b37390b8e10d0f7"
  dependencies:
    ansi-wrap "0.1.0"

ansi-grey@^0.1.1:
  version "0.1.1"
  resolved "https://registry.yarnpkg.com/ansi-grey/-/ansi-grey-0.1.1.tgz#59d98b6ac2ba19f8a51798e9853fba78339a33c1"
  dependencies:
    ansi-wrap "0.1.0"

ansi-hidden@^0.1.1:
  version "0.1.1"
  resolved "https://registry.yarnpkg.com/ansi-hidden/-/ansi-hidden-0.1.1.tgz#ed6a4c498d2bb7cbb289dbf2a8d1dcc8567fae0f"
  dependencies:
    ansi-wrap "0.1.0"

ansi-inverse@^0.1.1:
  version "0.1.1"
  resolved "https://registry.yarnpkg.com/ansi-inverse/-/ansi-inverse-0.1.1.tgz#b6af45826fe826bfb528a6c79885794355ccd269"
  dependencies:
    ansi-wrap "0.1.0"

ansi-italic@^0.1.1:
  version "0.1.1"
  resolved "https://registry.yarnpkg.com/ansi-italic/-/ansi-italic-0.1.1.tgz#104743463f625c142a036739cf85eda688986f23"
  dependencies:
    ansi-wrap "0.1.0"

ansi-magenta@^0.1.1:
  version "0.1.1"
  resolved "https://registry.yarnpkg.com/ansi-magenta/-/ansi-magenta-0.1.1.tgz#063b5ba16fb3f23e1cfda2b07c0a89de11e430ae"
  dependencies:
    ansi-wrap "0.1.0"

ansi-red@^0.1.1:
  version "0.1.1"
  resolved "https://registry.yarnpkg.com/ansi-red/-/ansi-red-0.1.1.tgz#8c638f9d1080800a353c9c28c8a81ca4705d946c"
  dependencies:
    ansi-wrap "0.1.0"

ansi-regex@^2.0.0:
  version "2.1.1"
  resolved "https://registry.yarnpkg.com/ansi-regex/-/ansi-regex-2.1.1.tgz#c3b33ab5ee360d86e0e628f0468ae7ef27d654df"

ansi-regex@^3.0.0:
  version "3.0.0"
  resolved "https://registry.yarnpkg.com/ansi-regex/-/ansi-regex-3.0.0.tgz#ed0317c322064f79466c02966bddb605ab37d998"

ansi-reset@^0.1.1:
  version "0.1.1"
  resolved "https://registry.yarnpkg.com/ansi-reset/-/ansi-reset-0.1.1.tgz#e7e71292c3c7ddcd4d62ef4a6c7c05980911c3b7"
  dependencies:
    ansi-wrap "0.1.0"

ansi-strikethrough@^0.1.1:
  version "0.1.1"
  resolved "https://registry.yarnpkg.com/ansi-strikethrough/-/ansi-strikethrough-0.1.1.tgz#d84877140b2cff07d1c93ebce69904f68885e568"
  dependencies:
    ansi-wrap "0.1.0"

ansi-styles@^2.2.1:
  version "2.2.1"
  resolved "https://registry.yarnpkg.com/ansi-styles/-/ansi-styles-2.2.1.tgz#b432dd3358b634cf75e1e4664368240533c1ddbe"

ansi-underline@^0.1.1:
  version "0.1.1"
  resolved "https://registry.yarnpkg.com/ansi-underline/-/ansi-underline-0.1.1.tgz#dfc920f4c97b5977ea162df8ffb988308aaa71a4"
  dependencies:
    ansi-wrap "0.1.0"

ansi-white@^0.1.1:
  version "0.1.1"
  resolved "https://registry.yarnpkg.com/ansi-white/-/ansi-white-0.1.1.tgz#9c77b7c193c5ee992e6011d36ec4c921b4578944"
  dependencies:
    ansi-wrap "0.1.0"

ansi-wrap@0.1.0:
  version "0.1.0"
  resolved "https://registry.yarnpkg.com/ansi-wrap/-/ansi-wrap-0.1.0.tgz#a82250ddb0015e9a27ca82e82ea603bbfa45efaf"

ansi-yellow@^0.1.1:
  version "0.1.1"
  resolved "https://registry.yarnpkg.com/ansi-yellow/-/ansi-yellow-0.1.1.tgz#cb9356f2f46c732f0e3199e6102955a77da83c1d"
  dependencies:
    ansi-wrap "0.1.0"

any-promise@^0.1.0:
  version "0.1.0"
  resolved "https://registry.yarnpkg.com/any-promise/-/any-promise-0.1.0.tgz#830b680aa7e56f33451d4b049f3bd8044498ee27"

apisauce@0.12.0:
  version "0.12.0"
  resolved "https://registry.yarnpkg.com/apisauce/-/apisauce-0.12.0.tgz#504b66d6268f8dfbf3180db9a63ae87299ec5e81"
  dependencies:
    axios "^0.16.1"
    ramda "^0.23.0"

app-module-path@2.2.0:
  version "2.2.0"
  resolved "https://registry.yarnpkg.com/app-module-path/-/app-module-path-2.2.0.tgz#641aa55dfb7d6a6f0a8141c4b9c0aa50b6c24dd5"

arr-flatten@^1.0.1, arr-flatten@^1.0.3:
  version "1.1.0"
  resolved "https://registry.yarnpkg.com/arr-flatten/-/arr-flatten-1.1.0.tgz#36048bbff4e7b47e136644316c99669ea5ae91f1"

arr-union@^3.1.0:
  version "3.1.0"
  resolved "https://registry.yarnpkg.com/arr-union/-/arr-union-3.1.0.tgz#e39b09aea9def866a8f206e288af63919bae39c4"

ascii-table@0.0.9:
  version "0.0.9"
  resolved "https://registry.yarnpkg.com/ascii-table/-/ascii-table-0.0.9.tgz#06a6604d6a55d4bf41a9a47d9872d7a78da31e73"

autobind-decorator@1.4.1:
  version "1.4.1"
  resolved "https://registry.yarnpkg.com/autobind-decorator/-/autobind-decorator-1.4.1.tgz#e05887e92e6466d43ec247c0692f8774d95ca3fd"

axios@^0.16.1:
  version "0.16.2"
  resolved "https://registry.yarnpkg.com/axios/-/axios-0.16.2.tgz#ba4f92f17167dfbab40983785454b9ac149c3c6d"
  dependencies:
    follow-redirects "^1.2.3"
    is-buffer "^1.1.5"

balanced-match@^1.0.0:
  version "1.0.0"
  resolved "https://registry.yarnpkg.com/balanced-match/-/balanced-match-1.0.0.tgz#89b4d199ab2bee49de164ea02b89ce462d71b767"

base@^0.11.1:
  version "0.11.1"
  resolved "https://registry.yarnpkg.com/base/-/base-0.11.1.tgz#b36a7f11113853a342a15691d98e2dcc8a6cc270"
  dependencies:
    arr-union "^3.1.0"
    cache-base "^0.8.4"
    class-utils "^0.3.4"
    component-emitter "^1.2.1"
    define-property "^0.2.5"
    isobject "^2.1.0"
    lazy-cache "^2.0.1"
    mixin-deep "^1.1.3"
    pascalcase "^0.1.1"

base@^0.13.0:
  version "0.13.0"
  resolved "https://registry.yarnpkg.com/base/-/base-0.13.0.tgz#7939d80f523633cef0dd7f0f3bfac9d7193608f9"
  dependencies:
    arr-union "^3.1.0"
    cache-base "^1.0.0"
    class-utils "^0.3.5"
    component-emitter "^1.2.1"
    define-property "^0.2.5"
    isobject "^3.0.0"
    mixin-deep "^1.2.0"
    pascalcase "^0.1.1"

brace-expansion@^1.1.7:
  version "1.1.8"
  resolved "https://registry.yarnpkg.com/brace-expansion/-/brace-expansion-1.1.8.tgz#c07b211c7c952ec1f8efd51a77ef0d1d3990a292"
  dependencies:
    balanced-match "^1.0.0"
    concat-map "0.0.1"

cache-base@^0.8.4:
  version "0.8.5"
  resolved "https://registry.yarnpkg.com/cache-base/-/cache-base-0.8.5.tgz#60ceb3504021eceec7011fd3384b7f4e95729bfa"
  dependencies:
    collection-visit "^0.2.1"
    component-emitter "^1.2.1"
    get-value "^2.0.5"
    has-value "^0.3.1"
    isobject "^3.0.0"
    lazy-cache "^2.0.1"
    set-value "^0.4.2"
    to-object-path "^0.3.0"
    union-value "^0.2.3"
    unset-value "^0.1.1"

cache-base@^1.0.0:
  version "1.0.1"
  resolved "https://registry.yarnpkg.com/cache-base/-/cache-base-1.0.1.tgz#0a7f46416831c8b662ee36fe4e7c59d76f666ab2"
  dependencies:
    collection-visit "^1.0.0"
    component-emitter "^1.2.1"
    get-value "^2.0.6"
    has-value "^1.0.0"
    isobject "^3.0.1"
    set-value "^2.0.0"
    to-object-path "^0.3.0"
    union-value "^1.0.0"
    unset-value "^1.0.0"

chalk@^1.0.0, chalk@^1.1.1:
  version "1.1.3"
  resolved "https://registry.yarnpkg.com/chalk/-/chalk-1.1.3.tgz#a8115c55e4a702fe4d150abd3872822a7e09fc98"
  dependencies:
    ansi-styles "^2.2.1"
    escape-string-regexp "^1.0.2"
    has-ansi "^2.0.0"
    strip-ansi "^3.0.0"
    supports-color "^2.0.0"

choices-separator@^0.1.2:
  version "0.1.2"
  resolved "https://registry.yarnpkg.com/choices-separator/-/choices-separator-0.1.2.tgz#ddfe967ec7bb7643c85aa05026afa1d05f5d70d4"
  dependencies:
    ansi-gray "^0.1.1"
    debug "^2.2.0"
    repeat-string "^1.5.4"

choices-separator@^2.0.0:
  version "2.0.0"
  resolved "https://registry.yarnpkg.com/choices-separator/-/choices-separator-2.0.0.tgz#92fd1763182d79033f5c5c51d0ba352e5567c696"
  dependencies:
    ansi-dim "^0.1.1"
    debug "^2.6.6"
    strip-color "^0.1.0"

class-utils@^0.3.4, class-utils@^0.3.5:
  version "0.3.5"
  resolved "https://registry.yarnpkg.com/class-utils/-/class-utils-0.3.5.tgz#17e793103750f9627b2176ea34cfd1b565903c80"
  dependencies:
    arr-union "^3.1.0"
    define-property "^0.2.5"
    isobject "^3.0.0"
    lazy-cache "^2.0.2"
    static-extend "^0.1.1"

cli-cursor@^2.1.0:
  version "2.1.0"
  resolved "https://registry.yarnpkg.com/cli-cursor/-/cli-cursor-2.1.0.tgz#b35dac376479facc3e94747d41d0d0f5238ffcb5"
  dependencies:
    restore-cursor "^2.0.0"

cli-spinners@^1.0.0:
  version "1.0.0"
  resolved "https://registry.yarnpkg.com/cli-spinners/-/cli-spinners-1.0.0.tgz#ef987ed3d48391ac3dab9180b406a742180d6e6a"

cli-width@^2.1.0:
  version "2.2.0"
  resolved "https://registry.yarnpkg.com/cli-width/-/cli-width-2.2.0.tgz#ff19ede8a9a5e579324147b0c11f0fbcbabed639"

clipboardy@1.1.2:
  version "1.1.2"
  resolved "https://registry.yarnpkg.com/clipboardy/-/clipboardy-1.1.2.tgz#a26d075ff779b8f82721c0affebc543208a09116"
  dependencies:
    execa "^0.6.0"

clone-deep@^0.2.4:
  version "0.2.4"
  resolved "https://registry.yarnpkg.com/clone-deep/-/clone-deep-0.2.4.tgz#4e73dd09e9fb971cc38670c5dced9c1896481cc6"
  dependencies:
    for-own "^0.1.3"
    is-plain-object "^2.0.1"
    kind-of "^3.0.2"
    lazy-cache "^1.0.3"
    shallow-clone "^0.1.2"

clone-deep@^0.3.0:
  version "0.3.0"
  resolved "https://registry.yarnpkg.com/clone-deep/-/clone-deep-0.3.0.tgz#348c61ae9cdbe0edfe053d91ff4cc521d790ede8"
  dependencies:
    for-own "^1.0.0"
    is-plain-object "^2.0.1"
    kind-of "^3.2.2"
    shallow-clone "^0.1.2"

collection-visit@^0.2.1, collection-visit@^0.2.3:
  version "0.2.3"
  resolved "https://registry.yarnpkg.com/collection-visit/-/collection-visit-0.2.3.tgz#2f62483caecc95f083b9a454a3ee9e6139ad7957"
  dependencies:
    lazy-cache "^2.0.1"
    map-visit "^0.1.5"
    object-visit "^0.3.4"

collection-visit@^1.0.0:
  version "1.0.0"
  resolved "https://registry.yarnpkg.com/collection-visit/-/collection-visit-1.0.0.tgz#4bc0373c164bc3291b4d368c829cf1a80a59dca0"
  dependencies:
    map-visit "^1.0.0"
    object-visit "^1.0.0"

colors@1.1.2:
  version "1.1.2"
  resolved "https://registry.yarnpkg.com/colors/-/colors-1.1.2.tgz#168a4701756b6a7f51a12ce0c97bfa28c084ed63"

component-emitter@^1.2.1:
  version "1.2.1"
  resolved "https://registry.yarnpkg.com/component-emitter/-/component-emitter-1.2.1.tgz#137918d6d78283f7df7a6b7c5a63e140e69425e6"

concat-map@0.0.1:
  version "0.0.1"
  resolved "https://registry.yarnpkg.com/concat-map/-/concat-map-0.0.1.tgz#d8a96bd77fd68df7793a73036a3ba0d5405d477b"

copy-descriptor@^0.1.0:
  version "0.1.1"
  resolved "https://registry.yarnpkg.com/copy-descriptor/-/copy-descriptor-0.1.1.tgz#676f6eb3c39997c2ee1ac3a924fd6124748f578d"

cross-spawn@5.1.0, cross-spawn@^5.0.1:
  version "5.1.0"
  resolved "https://registry.yarnpkg.com/cross-spawn/-/cross-spawn-5.1.0.tgz#e8bd0efee58fcff6f8f94510a0a554bbfa235449"
  dependencies:
    lru-cache "^4.0.1"
    shebang-command "^1.2.0"
    which "^1.2.9"

debug@^2.2.0, debug@^2.3.3, debug@^2.4.5, debug@^2.6.1, debug@^2.6.6, debug@^2.6.8:
  version "2.6.8"
  resolved "https://registry.yarnpkg.com/debug/-/debug-2.6.8.tgz#e731531ca2ede27d188222427da17821d68ff4fc"
  dependencies:
    ms "2.0.0"

define-property@^0.2.5:
  version "0.2.5"
  resolved "https://registry.yarnpkg.com/define-property/-/define-property-0.2.5.tgz#c35b1ef918ec3c990f9a5bc57be04aacec5c8116"
  dependencies:
    is-descriptor "^0.1.0"

define-property@^1.0.0:
  version "1.0.0"
  resolved "https://registry.yarnpkg.com/define-property/-/define-property-1.0.0.tgz#769ebaaf3f4a63aad3af9e8d304c9bbe79bfb0e6"
  dependencies:
    is-descriptor "^1.0.0"

ejs@^2.5.6:
  version "2.5.7"
  resolved "https://registry.yarnpkg.com/ejs/-/ejs-2.5.7.tgz#cc872c168880ae3c7189762fd5ffc00896c9518a"

enquirer@0.4.1:
  version "0.4.1"
  resolved "https://registry.yarnpkg.com/enquirer/-/enquirer-0.4.1.tgz#7ce671c44cfff63add1e7971bf32b9cb3efc97ed"
  dependencies:
    choices-separator "^0.1.2"
    clone-deep "^0.2.4"
    collection-visit "^0.2.3"
    component-emitter "^1.2.1"
    debug "^2.2.0"
    extend-shallow "^2.0.1"
    isobject "^2.1.0"
    lazy-cache "^2.0.1"
    promise-reduce "^2.1.0"
    prompt-base "^0.5.0"
    prompt-question "^0.4.0"
    readline-ui "^0.1.2"

error-symbol@^0.1.0:
  version "0.1.0"
  resolved "https://registry.yarnpkg.com/error-symbol/-/error-symbol-0.1.0.tgz#0a4dae37d600d15a29ba453d8ef920f1844333f6"

escape-string-regexp@^1.0.2, escape-string-regexp@^1.0.5:
  version "1.0.5"
  resolved "https://registry.yarnpkg.com/escape-string-regexp/-/escape-string-regexp-1.0.5.tgz#1b61c0562190a8dff6ae3bb2cf0200ca130b86d4"

execa@^0.6.0, execa@^0.6.3:
  version "0.6.3"
  resolved "https://registry.yarnpkg.com/execa/-/execa-0.6.3.tgz#57b69a594f081759c69e5370f0d17b9cb11658fe"
  dependencies:
    cross-spawn "^5.0.1"
    get-stream "^3.0.0"
    is-stream "^1.1.0"
    npm-run-path "^2.0.0"
    p-finally "^1.0.0"
    signal-exit "^3.0.0"
    strip-eof "^1.0.0"

extend-shallow@^2.0.1:
  version "2.0.1"
  resolved "https://registry.yarnpkg.com/extend-shallow/-/extend-shallow-2.0.1.tgz#51af7d614ad9a9f610ea1bafbb989d6b1c56890f"
  dependencies:
    is-extendable "^0.1.0"

figures@^1.7.0:
  version "1.7.0"
  resolved "https://registry.yarnpkg.com/figures/-/figures-1.7.0.tgz#cbe1e3affcf1cd44b80cadfed28dc793a9701d2e"
  dependencies:
    escape-string-regexp "^1.0.5"
    object-assign "^4.1.0"

follow-redirects@^1.2.3:
  version "1.2.4"
  resolved "https://registry.yarnpkg.com/follow-redirects/-/follow-redirects-1.2.4.tgz#355e8f4d16876b43f577b0d5ce2668b9723214ea"
  dependencies:
    debug "^2.4.5"

for-in@^0.1.3:
  version "0.1.8"
  resolved "https://registry.yarnpkg.com/for-in/-/for-in-0.1.8.tgz#d8773908e31256109952b1fdb9b3fa867d2775e1"

for-in@^1.0.1, for-in@^1.0.2:
  version "1.0.2"
  resolved "https://registry.yarnpkg.com/for-in/-/for-in-1.0.2.tgz#81068d295a8142ec0ac726c6e2200c30fb6d5e80"

for-own@^0.1.3:
  version "0.1.5"
  resolved "https://registry.yarnpkg.com/for-own/-/for-own-0.1.5.tgz#5265c681a4f294dabbf17c9509b6763aa84510ce"
  dependencies:
    for-in "^1.0.1"

for-own@^1.0.0:
  version "1.0.0"
  resolved "https://registry.yarnpkg.com/for-own/-/for-own-1.0.0.tgz#c63332f415cedc4b04dbfe70cf836494c53cb44b"
  dependencies:
    for-in "^1.0.1"

fs-jetpack@1.2.0:
  version "1.2.0"
  resolved "https://registry.yarnpkg.com/fs-jetpack/-/fs-jetpack-1.2.0.tgz#feb20b44bf3725492827cd2f81a7c812423882c5"
  dependencies:
    minimatch "^3.0.2"

get-stream@^3.0.0:
  version "3.0.0"
  resolved "https://registry.yarnpkg.com/get-stream/-/get-stream-3.0.0.tgz#8e943d1358dc37555054ecbe2edb05aa174ede14"

get-value@^2.0.3, get-value@^2.0.5, get-value@^2.0.6:
  version "2.0.6"
  resolved "https://registry.yarnpkg.com/get-value/-/get-value-2.0.6.tgz#dc15ca1c672387ca76bd37ac0a395ba2042a2c28"

gluegun@^0.22.0:
  version "0.22.0"
  resolved "https://registry.yarnpkg.com/gluegun/-/gluegun-0.22.0.tgz#5bed17ae7e281206d8b39a44178e5cf328216ef8"
  dependencies:
    apisauce "0.12.0"
    app-module-path "2.2.0"
    ascii-table "0.0.9"
    autobind-decorator "1.4.1"
    clipboardy "1.1.2"
    colors "1.1.2"
    cross-spawn "5.1.0"
    ejs "^2.5.6"
    enquirer "0.4.1"
    execa "^0.6.3"
    fs-jetpack "1.2.0"
    lodash.camelcase "4.3.0"
    lodash.kebabcase "4.1.1"
    lodash.lowercase "4.3.0"
    lodash.lowerfirst "4.3.1"
    lodash.pad "4.5.1"
    lodash.padend "4.6.1"
    lodash.padstart "4.6.1"
    lodash.repeat "4.1.0"
    lodash.snakecase "4.1.1"
    lodash.startcase "4.4.0"
    lodash.trim "4.5.1"
    lodash.trimend "4.5.1"
    lodash.trimstart "4.5.1"
    lodash.uppercase "4.3.0"
    lodash.upperfirst "4.3.1"
    minimist "1.2.0"
    ora "1.2.0"
    prompt-autocompletion "0.1.1"
    prompt-checkbox "0.4.2"
    prompt-confirm "0.2.1"
    prompt-expand "0.1.0"
    prompt-list "1.0.0"
    prompt-password "0.1.1"
    prompt-question "3.0.2"
    prompt-radio "0.3.1"
    prompt-rawlist "1.0.0"
    ramda "0.23.0"
    ramdasauce "1.2.0"
    semver "5.3.0"
    toml "^2.3.2"
    which "1.2.14"

has-ansi@^2.0.0:
  version "2.0.0"
  resolved "https://registry.yarnpkg.com/has-ansi/-/has-ansi-2.0.0.tgz#34f5049ce1ecdf2b0649af3ef24e45ed35416d91"
  dependencies:
    ansi-regex "^2.0.0"

has-value@^0.3.1:
  version "0.3.1"
  resolved "https://registry.yarnpkg.com/has-value/-/has-value-0.3.1.tgz#7b1f58bada62ca827ec0a2078025654845995e1f"
  dependencies:
    get-value "^2.0.3"
    has-values "^0.1.4"
    isobject "^2.0.0"

has-value@^1.0.0:
  version "1.0.0"
  resolved "https://registry.yarnpkg.com/has-value/-/has-value-1.0.0.tgz#18b281da585b1c5c51def24c930ed29a0be6b177"
  dependencies:
    get-value "^2.0.6"
    has-values "^1.0.0"
    isobject "^3.0.0"

has-values@^0.1.4:
  version "0.1.4"
  resolved "https://registry.yarnpkg.com/has-values/-/has-values-0.1.4.tgz#6d61de95d91dfca9b9a02089ad384bff8f62b771"

has-values@^1.0.0:
  version "1.0.0"
  resolved "https://registry.yarnpkg.com/has-values/-/has-values-1.0.0.tgz#95b0b63fec2146619a6fe57fe75628d5a39efe4f"
  dependencies:
    is-number "^3.0.0"
    kind-of "^4.0.0"

info-symbol@^0.1.0:
  version "0.1.0"
  resolved "https://registry.yarnpkg.com/info-symbol/-/info-symbol-0.1.0.tgz#27841d72867ddb4242cd612d79c10633881c6a78"

is-accessor-descriptor@^0.1.6:
  version "0.1.6"
  resolved "https://registry.yarnpkg.com/is-accessor-descriptor/-/is-accessor-descriptor-0.1.6.tgz#a9e12cb3ae8d876727eeef3843f8a0897b5c98d6"
  dependencies:
    kind-of "^3.0.2"

is-buffer@^1.0.2, is-buffer@^1.1.5:
  version "1.1.5"
  resolved "https://registry.yarnpkg.com/is-buffer/-/is-buffer-1.1.5.tgz#1f3b26ef613b214b88cbca23cc6c01d87961eecc"

is-data-descriptor@^0.1.4:
  version "0.1.4"
  resolved "https://registry.yarnpkg.com/is-data-descriptor/-/is-data-descriptor-0.1.4.tgz#0b5ee648388e2c860282e793f1856fec3f301b56"
  dependencies:
    kind-of "^3.0.2"

is-descriptor@^0.1.0:
  version "0.1.6"
  resolved "https://registry.yarnpkg.com/is-descriptor/-/is-descriptor-0.1.6.tgz#366d8240dde487ca51823b1ab9f07a10a78251ca"
  dependencies:
    is-accessor-descriptor "^0.1.6"
    is-data-descriptor "^0.1.4"
    kind-of "^5.0.0"

is-descriptor@^1.0.0:
  version "1.0.1"
  resolved "https://registry.yarnpkg.com/is-descriptor/-/is-descriptor-1.0.1.tgz#2c6023599bde2de9d5d2c8b9a9d94082036b6ef2"
  dependencies:
    is-accessor-descriptor "^0.1.6"
    is-data-descriptor "^0.1.4"
    kind-of "^5.0.0"

is-extendable@^0.1.0, is-extendable@^0.1.1:
  version "0.1.1"
  resolved "https://registry.yarnpkg.com/is-extendable/-/is-extendable-0.1.1.tgz#62b110e289a471418e3ec36a617d472e301dfc89"

is-fullwidth-code-point@^2.0.0:
  version "2.0.0"
  resolved "https://registry.yarnpkg.com/is-fullwidth-code-point/-/is-fullwidth-code-point-2.0.0.tgz#a3b30a5c4f199183167aaab93beefae3ddfb654f"

is-number@^3.0.0:
  version "3.0.0"
  resolved "https://registry.yarnpkg.com/is-number/-/is-number-3.0.0.tgz#24fd6201a4782cf50561c810276afc7d12d71195"
  dependencies:
    kind-of "^3.0.2"

is-plain-object@^2.0.1, is-plain-object@^2.0.3:
  version "2.0.4"
  resolved "https://registry.yarnpkg.com/is-plain-object/-/is-plain-object-2.0.4.tgz#2c163b3fafb1b606d9d17928f05c2a1c38e07677"
  dependencies:
    isobject "^3.0.1"

is-stream@^1.1.0:
  version "1.1.0"
  resolved "https://registry.yarnpkg.com/is-stream/-/is-stream-1.1.0.tgz#12d4a3dd4e68e0b79ceb8dbc84173ae80d91ca44"

is-windows@^1.0.1:
  version "1.0.1"
  resolved "https://registry.yarnpkg.com/is-windows/-/is-windows-1.0.1.tgz#310db70f742d259a16a369202b51af84233310d9"

isarray@1.0.0:
  version "1.0.0"
  resolved "https://registry.yarnpkg.com/isarray/-/isarray-1.0.0.tgz#bb935d48582cba168c06834957a54a3e07124f11"

isexe@^2.0.0:
  version "2.0.0"
  resolved "https://registry.yarnpkg.com/isexe/-/isexe-2.0.0.tgz#e8fbf374dc556ff8947a10dcb0572d633f2cfa10"

isobject@^2.0.0, isobject@^2.1.0:
  version "2.1.0"
  resolved "https://registry.yarnpkg.com/isobject/-/isobject-2.1.0.tgz#f065561096a3f1da2ef46272f815c840d87e0c89"
  dependencies:
    isarray "1.0.0"

isobject@^3.0.0, isobject@^3.0.1:
  version "3.0.1"
  resolved "https://registry.yarnpkg.com/isobject/-/isobject-3.0.1.tgz#4e431e92b11a9731636aa1f9c8d1ccbcfdab78df"

kind-of@^2.0.1:
  version "2.0.1"
  resolved "https://registry.yarnpkg.com/kind-of/-/kind-of-2.0.1.tgz#018ec7a4ce7e3a86cb9141be519d24c8faa981b5"
  dependencies:
    is-buffer "^1.0.2"

kind-of@^3.0.2, kind-of@^3.0.3, kind-of@^3.0.4, kind-of@^3.1.0, kind-of@^3.2.0, kind-of@^3.2.2:
  version "3.2.2"
  resolved "https://registry.yarnpkg.com/kind-of/-/kind-of-3.2.2.tgz#31ea21a734bab9bbb0f32466d893aea51e4a3c64"
  dependencies:
    is-buffer "^1.1.5"

kind-of@^4.0.0:
  version "4.0.0"
  resolved "https://registry.yarnpkg.com/kind-of/-/kind-of-4.0.0.tgz#20813df3d712928b207378691a45066fae72dd57"
  dependencies:
    is-buffer "^1.1.5"

kind-of@^5.0.0:
  version "5.0.2"
  resolved "https://registry.yarnpkg.com/kind-of/-/kind-of-5.0.2.tgz#f57bec933d9a2209ffa96c5c08343607b7035fda"

koalas@^1.0.2:
  version "1.0.2"
  resolved "https://registry.yarnpkg.com/koalas/-/koalas-1.0.2.tgz#318433f074235db78fae5661a02a8ca53ee295cd"

lazy-cache@^0.2.3:
  version "0.2.7"
  resolved "https://registry.yarnpkg.com/lazy-cache/-/lazy-cache-0.2.7.tgz#7feddf2dcb6edb77d11ef1d117ab5ffdf0ab1b65"

lazy-cache@^1.0.3:
  version "1.0.4"
  resolved "https://registry.yarnpkg.com/lazy-cache/-/lazy-cache-1.0.4.tgz#a1d78fc3a50474cb80845d3b3b6e1da49a446e8e"

lazy-cache@^2.0.1, lazy-cache@^2.0.2:
  version "2.0.2"
  resolved "https://registry.yarnpkg.com/lazy-cache/-/lazy-cache-2.0.2.tgz#b9190a4f913354694840859f8a8f7084d8822264"
  dependencies:
    set-getter "^0.1.0"

lodash.camelcase@4.3.0:
  version "4.3.0"
  resolved "https://registry.yarnpkg.com/lodash.camelcase/-/lodash.camelcase-4.3.0.tgz#b28aa6288a2b9fc651035c7711f65ab6190331a6"

lodash.kebabcase@4.1.1:
  version "4.1.1"
  resolved "https://registry.yarnpkg.com/lodash.kebabcase/-/lodash.kebabcase-4.1.1.tgz#8489b1cb0d29ff88195cceca448ff6d6cc295c36"

lodash.lowercase@4.3.0:
  version "4.3.0"
  resolved "https://registry.yarnpkg.com/lodash.lowercase/-/lodash.lowercase-4.3.0.tgz#46515aced4acb0b7093133333af068e4c3b14e9d"

lodash.lowerfirst@4.3.1:
  version "4.3.1"
  resolved "https://registry.yarnpkg.com/lodash.lowerfirst/-/lodash.lowerfirst-4.3.1.tgz#de3c7b12e02c6524a0059c2f6cb7c5c52655a13d"

lodash.pad@4.5.1:
  version "4.5.1"
  resolved "https://registry.yarnpkg.com/lodash.pad/-/lodash.pad-4.5.1.tgz#4330949a833a7c8da22cc20f6a26c4d59debba70"

lodash.padend@4.6.1:
  version "4.6.1"
  resolved "https://registry.yarnpkg.com/lodash.padend/-/lodash.padend-4.6.1.tgz#53ccba047d06e158d311f45da625f4e49e6f166e"

lodash.padstart@4.6.1:
  version "4.6.1"
  resolved "https://registry.yarnpkg.com/lodash.padstart/-/lodash.padstart-4.6.1.tgz#d2e3eebff0d9d39ad50f5cbd1b52a7bce6bb611b"

lodash.repeat@4.1.0:
  version "4.1.0"
  resolved "https://registry.yarnpkg.com/lodash.repeat/-/lodash.repeat-4.1.0.tgz#fc7de8131d8c8ac07e4b49f74ffe829d1f2bec44"

lodash.snakecase@4.1.1:
  version "4.1.1"
  resolved "https://registry.yarnpkg.com/lodash.snakecase/-/lodash.snakecase-4.1.1.tgz#39d714a35357147837aefd64b5dcbb16becd8f8d"

lodash.startcase@4.4.0:
  version "4.4.0"
  resolved "https://registry.yarnpkg.com/lodash.startcase/-/lodash.startcase-4.4.0.tgz#9436e34ed26093ed7ffae1936144350915d9add8"

lodash.trim@4.5.1:
  version "4.5.1"
  resolved "https://registry.yarnpkg.com/lodash.trim/-/lodash.trim-4.5.1.tgz#36425e7ee90be4aa5e27bcebb85b7d11ea47aa57"

lodash.trimend@4.5.1:
  version "4.5.1"
  resolved "https://registry.yarnpkg.com/lodash.trimend/-/lodash.trimend-4.5.1.tgz#12804437286b98cad8996b79414e11300114082f"

lodash.trimstart@4.5.1:
  version "4.5.1"
  resolved "https://registry.yarnpkg.com/lodash.trimstart/-/lodash.trimstart-4.5.1.tgz#8ff4dec532d82486af59573c39445914e944a7f1"

lodash.uppercase@4.3.0:
  version "4.3.0"
  resolved "https://registry.yarnpkg.com/lodash.uppercase/-/lodash.uppercase-4.3.0.tgz#c404abfd1469f93931f9bb24cf6cc7d57059bc73"

lodash.upperfirst@4.3.1:
  version "4.3.1"
  resolved "https://registry.yarnpkg.com/lodash.upperfirst/-/lodash.upperfirst-4.3.1.tgz#1365edf431480481ef0d1c68957a5ed99d49f7ce"

log-ok@^0.1.1:
  version "0.1.1"
  resolved "https://registry.yarnpkg.com/log-ok/-/log-ok-0.1.1.tgz#bea3dd36acd0b8a7240d78736b5b97c65444a334"
  dependencies:
    ansi-green "^0.1.1"
    success-symbol "^0.1.0"

log-symbols@^1.0.2:
  version "1.0.2"
  resolved "https://registry.yarnpkg.com/log-symbols/-/log-symbols-1.0.2.tgz#376ff7b58ea3086a0f09facc74617eca501e1a18"
  dependencies:
    chalk "^1.0.0"

log-utils@^0.2.1:
  version "0.2.1"
  resolved "https://registry.yarnpkg.com/log-utils/-/log-utils-0.2.1.tgz#a4c217a0dd9a50515d9b920206091ab3d4e031cf"
  dependencies:
    ansi-colors "^0.2.0"
    error-symbol "^0.1.0"
    info-symbol "^0.1.0"
    log-ok "^0.1.1"
    success-symbol "^0.1.0"
    time-stamp "^1.0.1"
    warning-symbol "^0.1.0"

lru-cache@^4.0.1:
  version "4.1.1"
  resolved "https://registry.yarnpkg.com/lru-cache/-/lru-cache-4.1.1.tgz#622e32e82488b49279114a4f9ecf45e7cd6bba55"
  dependencies:
    pseudomap "^1.0.2"
    yallist "^2.1.2"

map-visit@^0.1.5:
  version "0.1.5"
  resolved "https://registry.yarnpkg.com/map-visit/-/map-visit-0.1.5.tgz#dbe43927ce5525b80dfc1573a44d68c51f26816b"
  dependencies:
    lazy-cache "^2.0.1"
    object-visit "^0.3.4"

map-visit@^1.0.0:
  version "1.0.0"
  resolved "https://registry.yarnpkg.com/map-visit/-/map-visit-1.0.0.tgz#ecdca8f13144e660f1b5bd41f12f3479d98dfb8f"
  dependencies:
    object-visit "^1.0.0"

mimic-fn@^1.0.0:
  version "1.1.0"
  resolved "https://registry.yarnpkg.com/mimic-fn/-/mimic-fn-1.1.0.tgz#e667783d92e89dbd342818b5230b9d62a672ad18"

minimatch@^3.0.2:
  version "3.0.4"
  resolved "https://registry.yarnpkg.com/minimatch/-/minimatch-3.0.4.tgz#5166e286457f03306064be5497e8dbb0c3d32083"
  dependencies:
    brace-expansion "^1.1.7"

minimist@1.2.0, minimist@^1.2.0:
  version "1.2.0"
  resolved "https://registry.yarnpkg.com/minimist/-/minimist-1.2.0.tgz#a35008b20f41383eec1fb914f4cd5df79a264284"

mixin-deep@^1.1.3, mixin-deep@^1.2.0:
  version "1.2.0"
  resolved "https://registry.yarnpkg.com/mixin-deep/-/mixin-deep-1.2.0.tgz#d02b8c6f8b6d4b8f5982d3fd009c4919851c3fe2"
  dependencies:
    for-in "^1.0.2"
    is-extendable "^0.1.1"

mixin-object@^2.0.1:
  version "2.0.1"
  resolved "https://registry.yarnpkg.com/mixin-object/-/mixin-object-2.0.1.tgz#4fb949441dab182540f1fe035ba60e1947a5e57e"
  dependencies:
    for-in "^0.1.3"
    is-extendable "^0.1.1"

ms@2.0.0:
  version "2.0.0"
  resolved "https://registry.yarnpkg.com/ms/-/ms-2.0.0.tgz#5608aeadfc00be6c2901df5f9861788de0d597c8"

mute-stream@^0.0.7:
  version "0.0.7"
  resolved "https://registry.yarnpkg.com/mute-stream/-/mute-stream-0.0.7.tgz#3075ce93bc21b8fab43e1bc4da7e8115ed1e7bab"

npm-run-path@^2.0.0:
  version "2.0.2"
  resolved "https://registry.yarnpkg.com/npm-run-path/-/npm-run-path-2.0.2.tgz#35a9232dfa35d7067b4cb2ddf2357b1871536c5f"
  dependencies:
    path-key "^2.0.0"

object-assign@^4.1.0:
  version "4.1.1"
  resolved "https://registry.yarnpkg.com/object-assign/-/object-assign-4.1.1.tgz#2109adc7965887cfc05cbbd442cac8bfbb360863"

object-copy@^0.1.0:
  version "0.1.0"
  resolved "https://registry.yarnpkg.com/object-copy/-/object-copy-0.1.0.tgz#7e7d858b781bd7c991a41ba975ed3812754e998c"
  dependencies:
    copy-descriptor "^0.1.0"
    define-property "^0.2.5"
    kind-of "^3.0.3"

object-visit@^0.3.4:
  version "0.3.4"
  resolved "https://registry.yarnpkg.com/object-visit/-/object-visit-0.3.4.tgz#ae15cf86f0b2fdd551771636448452c54c3da829"
  dependencies:
    isobject "^2.0.0"

object-visit@^1.0.0:
  version "1.0.1"
  resolved "https://registry.yarnpkg.com/object-visit/-/object-visit-1.0.1.tgz#f79c4493af0c5377b59fe39d395e41042dd045bb"
  dependencies:
    isobject "^3.0.0"

onetime@^2.0.0:
  version "2.0.1"
  resolved "https://registry.yarnpkg.com/onetime/-/onetime-2.0.1.tgz#067428230fd67443b2794b22bba528b6867962d4"
  dependencies:
    mimic-fn "^1.0.0"

ora@1.2.0:
  version "1.2.0"
  resolved "https://registry.yarnpkg.com/ora/-/ora-1.2.0.tgz#32fb3183500efe83f5ea89101785f0ee6060fec9"
  dependencies:
    chalk "^1.1.1"
    cli-cursor "^2.1.0"
    cli-spinners "^1.0.0"
    log-symbols "^1.0.2"

p-finally@^1.0.0:
  version "1.0.0"
  resolved "https://registry.yarnpkg.com/p-finally/-/p-finally-1.0.0.tgz#3fbcfb15b899a44123b34b6dcc18b724336a2cae"

pascalcase@^0.1.1:
  version "0.1.1"
  resolved "https://registry.yarnpkg.com/pascalcase/-/pascalcase-0.1.1.tgz#b363e55e8006ca6fe21784d2db22bd15d7917f14"

path-key@^2.0.0:
  version "2.0.1"
  resolved "https://registry.yarnpkg.com/path-key/-/path-key-2.0.1.tgz#411cadb574c5a140d3a4b1910d40d80cc9f40b40"

pointer-symbol@^1.0.0:
  version "1.0.0"
  resolved "https://registry.yarnpkg.com/pointer-symbol/-/pointer-symbol-1.0.0.tgz#60f9110204ea7a929b62644a21315543cbb3d447"

promise-reduce@^2.1.0:
  version "2.1.0"
  resolved "https://registry.yarnpkg.com/promise-reduce/-/promise-reduce-2.1.0.tgz#77198731b5c62cbd5f8e1845511131d00e3b6c47"
  dependencies:
    any-promise "^0.1.0"

prompt-autocompletion@0.1.1:
  version "0.1.1"
  resolved "https://registry.yarnpkg.com/prompt-autocompletion/-/prompt-autocompletion-0.1.1.tgz#7e1b8a5ba57af1d708f7a9b18d848e52f8b4f536"
  dependencies:
    figures "^1.7.0"
    log-utils "^0.2.1"
    prompt-base "^0.5.0"
    prompt-choices "^0.4.0"
    readline-utils "^0.1.2"
    terminal-paginator "^0.2.1"

prompt-base@^0.5.0:
  version "0.5.2"
  resolved "https://registry.yarnpkg.com/prompt-base/-/prompt-base-0.5.2.tgz#bd6c8f4359db5add4e70280d68e4e18456a4e245"
  dependencies:
    base "^0.11.1"
    debug "^2.3.3"
    define-property "^0.2.5"
    log-utils "^0.2.1"
    prompt-question "^0.4.0"
    readline-ui "^0.1.2"

prompt-base@^0.6.1, prompt-base@^0.6.2:
  version "0.6.2"
  resolved "https://registry.yarnpkg.com/prompt-base/-/prompt-base-0.6.2.tgz#f7a4b8acdeca29e137e96e50b1e91d56a19ff694"
  dependencies:
    base "^0.13.0"
    debug "^2.6.6"
    define-property "^1.0.0"
    log-utils "^0.2.1"
    prompt-question "^1.0.0"
    readline-ui "^0.1.3"

prompt-checkbox@0.4.2, prompt-checkbox@^0.4.2:
  version "0.4.2"
  resolved "https://registry.yarnpkg.com/prompt-checkbox/-/prompt-checkbox-0.4.2.tgz#f793cd6de778a10cbfd91fbba056400c2c1676dd"
  dependencies:
    debug "^2.3.3"
    log-utils "^0.2.1"
    prompt-base "^0.5.0"

prompt-checkbox@^0.5.1:
  version "0.5.1"
  resolved "https://registry.yarnpkg.com/prompt-checkbox/-/prompt-checkbox-0.5.1.tgz#a03839e7728e8b2746fbcbc02f818633707b56e9"
  dependencies:
    debug "^2.6.6"
    log-utils "^0.2.1"
    prompt-base "^0.6.2"
    readline-utils "^0.1.5"

prompt-choices@^0.4.0, prompt-choices@^0.4.1:
  version "0.4.1"
  resolved "https://registry.yarnpkg.com/prompt-choices/-/prompt-choices-0.4.1.tgz#11fa8d586af84fae436b33922fef3c1a9f702f03"
  dependencies:
    arr-flatten "^1.0.1"
    choices-separator "^0.1.2"
    clone-deep "^0.2.4"
    debug "^2.2.0"
    define-property "^0.2.5"
    extend-shallow "^2.0.1"
    is-number "^3.0.0"
    isobject "^2.1.0"
    kind-of "^3.0.4"
    lazy-cache "^2.0.1"
    log-utils "^0.2.1"
    radio-symbol "^0.2.1"
    set-value "^0.4.0"
    terminal-paginator "^0.2.0"
    toggle-array "^0.1.0"

prompt-choices@^1.0.0:
  version "1.0.1"
  resolved "https://registry.yarnpkg.com/prompt-choices/-/prompt-choices-1.0.1.tgz#dd5389eca71d05e2bb4fc083a9aa66989f3f2e85"
  dependencies:
    arr-flatten "^1.0.3"
    choices-separator "^0.1.2"
    clone-deep "^0.2.4"
    debug "^2.6.6"
    define-property "^1.0.0"
    extend-shallow "^2.0.1"
    is-number "^3.0.0"
    kind-of "^3.2.0"
    lazy-cache "^2.0.2"
    log-utils "^0.2.1"
    radio-symbol "^1.0.1"
    set-value "^0.4.3"
    strip-color "^0.1.0"
    terminal-paginator "^0.2.1"
    toggle-array "^0.1.0"

prompt-choices@^3.0.1:
  version "3.0.6"
  resolved "https://registry.yarnpkg.com/prompt-choices/-/prompt-choices-3.0.6.tgz#5c35c3d99ee17edfd9563c1fb81046b0849ef8ff"
  dependencies:
    arr-flatten "^1.0.3"
    choices-separator "^2.0.0"
    clone-deep "^0.3.0"
    collection-visit "^1.0.0"
    debug "^2.6.8"
    define-property "^1.0.0"
    extend-shallow "^2.0.1"
    is-number "^3.0.0"
    kind-of "^4.0.0"
    lazy-cache "^2.0.2"
    log-utils "^0.2.1"
    pointer-symbol "^1.0.0"
    radio-symbol "^2.0.0"
    set-value "^1.0.0"
    strip-color "^0.1.0"
    terminal-paginator "^2.0.0"
    toggle-array "^1.0.1"

prompt-confirm@0.2.1:
  version "0.2.1"
  resolved "https://registry.yarnpkg.com/prompt-confirm/-/prompt-confirm-0.2.1.tgz#3980b73e2fc094b9f5b38e64cca3c79c6fc08a0b"
  dependencies:
    ansi-cyan "^0.1.1"
    prompt-base "^0.5.0"

prompt-expand@0.1.0:
  version "0.1.0"
  resolved "https://registry.yarnpkg.com/prompt-expand/-/prompt-expand-0.1.0.tgz#a124bc511361ea2ea9929b0d846b7f1a113edf3c"
  dependencies:
    log-utils "^0.2.1"
    prompt-base "^0.5.0"
    terminal-paginator "^0.2.1"

prompt-list@1.0.0:
  version "1.0.0"
  resolved "https://registry.yarnpkg.com/prompt-list/-/prompt-list-1.0.0.tgz#753f14830c6279f193b9eec9b002b58fc097cb97"
  dependencies:
    ansi-cyan "^0.1.1"
    ansi-dim "^0.1.1"
    ansi-red "^0.1.1"
    debug "^2.6.6"
    prompt-checkbox "^0.5.1"

prompt-password@0.1.1:
  version "0.1.1"
  resolved "https://registry.yarnpkg.com/prompt-password/-/prompt-password-0.1.1.tgz#3f804c255d2f3b3aad4ea7972145eff0b14ddfa3"
  dependencies:
    ansi-cyan "^0.1.1"
    ansi-red "^0.1.1"
    prompt-base "^0.5.0"

prompt-question@3.0.2:
  version "3.0.2"
  resolved "https://registry.yarnpkg.com/prompt-question/-/prompt-question-3.0.2.tgz#9984c6e1f94f73e992581cd00e43a379830448b5"
  dependencies:
    clone-deep "^0.3.0"
    debug "^2.6.8"
    define-property "^1.0.0"
    extend-shallow "^2.0.1"
    kind-of "^4.0.0"
    koalas "^1.0.2"
    prompt-choices "^3.0.1"

prompt-question@^0.4.0:
  version "0.4.1"
  resolved "https://registry.yarnpkg.com/prompt-question/-/prompt-question-0.4.1.tgz#51738e5505efed48d5fc3bbd185abe493fa02644"
  dependencies:
    clone-deep "^0.2.4"
    debug "^2.6.1"
    define-property "^0.2.5"
    extend-shallow "^2.0.1"
    kind-of "^3.1.0"
    lazy-cache "^2.0.2"
    prompt-choices "^0.4.1"

prompt-question@^1.0.0:
  version "1.0.0"
  resolved "https://registry.yarnpkg.com/prompt-question/-/prompt-question-1.0.0.tgz#230b19fa23d1ca43b1e083ded02c79da49ba8763"
  dependencies:
    clone-deep "^0.2.4"
    debug "^2.6.6"
    define-property "^1.0.0"
    extend-shallow "^2.0.1"
    kind-of "^3.2.0"
    koalas "^1.0.2"
    lazy-cache "^2.0.2"
    prompt-choices "^1.0.0"

prompt-radio@0.3.1:
  version "0.3.1"
  resolved "https://registry.yarnpkg.com/prompt-radio/-/prompt-radio-0.3.1.tgz#056165b2aac5b1561e2f7e3e540b7db9d16e9707"
  dependencies:
    debug "^2.3.3"
    prompt-checkbox "^0.4.2"

prompt-rawlist@1.0.0:
  version "1.0.0"
  resolved "https://registry.yarnpkg.com/prompt-rawlist/-/prompt-rawlist-1.0.0.tgz#13f705dbc4b37f92e3ccce5b58ab09647c9e1339"
  dependencies:
    ansi-cyan "^0.1.1"
    ansi-red "^0.1.1"
    is-number "^3.0.0"
    prompt-base "^0.6.1"
    terminal-paginator "^0.2.1"

pseudomap@^1.0.2:
  version "1.0.2"
  resolved "https://registry.yarnpkg.com/pseudomap/-/pseudomap-1.0.2.tgz#f052a28da70e618917ef0a8ac34c1ae5a68286b3"

radio-symbol@^0.2.1:
  version "0.2.3"
  resolved "https://registry.yarnpkg.com/radio-symbol/-/radio-symbol-0.2.3.tgz#51b7c2eee5fcfebb262e9a9065ef47bdc52b47b9"
  dependencies:
    ansi-gray "^0.1.1"
    ansi-green "^0.1.1"
    is-windows "^1.0.1"

radio-symbol@^1.0.1:
  version "1.0.3"
  resolved "https://registry.yarnpkg.com/radio-symbol/-/radio-symbol-1.0.3.tgz#9633777a8e3b4be85cf08ceeb1ee1a88dd48bda9"
  dependencies:
    ansi-gray "^0.1.1"
    ansi-green "^0.1.1"
    is-windows "^1.0.1"

radio-symbol@^2.0.0:
  version "2.0.0"
  resolved "https://registry.yarnpkg.com/radio-symbol/-/radio-symbol-2.0.0.tgz#7aa9bfc50485636d52dd76d6a8e631b290799ae1"
  dependencies:
    ansi-gray "^0.1.1"
    ansi-green "^0.1.1"
    is-windows "^1.0.1"

ramda@0.23.0, ramda@^0.23.0:
  version "0.23.0"
  resolved "https://registry.yarnpkg.com/ramda/-/ramda-0.23.0.tgz#ccd13fff73497a93974e3e86327bfd87bd6e8e2b"

ramda@^0.24.1:
  version "0.24.1"
  resolved "https://registry.yarnpkg.com/ramda/-/ramda-0.24.1.tgz#c3b7755197f35b8dc3502228262c4c91ddb6b857"

ramdasauce@1.2.0:
  version "1.2.0"
  resolved "https://registry.yarnpkg.com/ramdasauce/-/ramdasauce-1.2.0.tgz#7c0da39ffa1b547268c78536fddad9c49f0d12cb"
  dependencies:
    ramda "^0.23.0"

readline-ui@^0.1.2, readline-ui@^0.1.3:
  version "0.1.4"
  resolved "https://registry.yarnpkg.com/readline-ui/-/readline-ui-0.1.4.tgz#412c37433559bc1a0a7b15e2dcca4baa6d92275c"
  dependencies:
    component-emitter "^1.2.1"
    debug "^2.6.6"
    readline-utils "^0.1.6"
    string-width "^2.0.0"
    strip-color "^0.1.0"

readline-utils@^0.1.2, readline-utils@^0.1.5, readline-utils@^0.1.6:
  version "0.1.6"
  resolved "https://registry.yarnpkg.com/readline-utils/-/readline-utils-0.1.6.tgz#3a9da9a996890c17f17e540ca89e456a31211f67"
  dependencies:
    arr-flatten "^1.0.3"
    cli-width "^2.1.0"
    extend-shallow "^2.0.1"
    get-value "^2.0.6"
    is-number "^3.0.0"
    is-windows "^1.0.1"
    lazy-cache "^2.0.2"
    mute-stream "^0.0.7"

repeat-string@^1.5.4:
  version "1.6.1"
  resolved "https://registry.yarnpkg.com/repeat-string/-/repeat-string-1.6.1.tgz#8dcae470e1c88abc2d600fff4a776286da75e637"

restore-cursor@^2.0.0:
  version "2.0.0"
  resolved "https://registry.yarnpkg.com/restore-cursor/-/restore-cursor-2.0.0.tgz#9f7ee287f82fd326d4fd162923d62129eee0dfaf"
  dependencies:
    onetime "^2.0.0"
    signal-exit "^3.0.2"

semver@5.3.0:
  version "5.3.0"
  resolved "https://registry.yarnpkg.com/semver/-/semver-5.3.0.tgz#9b2ce5d3de02d17c6012ad326aa6b4d0cf54f94f"

set-getter@^0.1.0:
  version "0.1.0"
  resolved "https://registry.yarnpkg.com/set-getter/-/set-getter-0.1.0.tgz#d769c182c9d5a51f409145f2fba82e5e86e80376"
  dependencies:
    to-object-path "^0.3.0"

set-value@^0.4.0, set-value@^0.4.2, set-value@^0.4.3:
  version "0.4.3"
  resolved "https://registry.yarnpkg.com/set-value/-/set-value-0.4.3.tgz#7db08f9d3d22dc7f78e53af3c3bf4666ecdfccf1"
  dependencies:
    extend-shallow "^2.0.1"
    is-extendable "^0.1.1"
    is-plain-object "^2.0.1"
    to-object-path "^0.3.0"

set-value@^1.0.0:
  version "1.0.0"
  resolved "https://registry.yarnpkg.com/set-value/-/set-value-1.0.0.tgz#bcc76f71a0f1e07a24b987d0a02afec9f665304f"
  dependencies:
    extend-shallow "^2.0.1"
    is-extendable "^0.1.1"
    is-plain-object "^2.0.1"
    to-object-path "^0.3.0"

set-value@^2.0.0:
  version "2.0.0"
  resolved "https://registry.yarnpkg.com/set-value/-/set-value-2.0.0.tgz#71ae4a88f0feefbbf52d1ea604f3fb315ebb6274"
  dependencies:
    extend-shallow "^2.0.1"
    is-extendable "^0.1.1"
    is-plain-object "^2.0.3"
    split-string "^3.0.1"

shallow-clone@^0.1.2:
  version "0.1.2"
  resolved "https://registry.yarnpkg.com/shallow-clone/-/shallow-clone-0.1.2.tgz#5909e874ba77106d73ac414cfec1ffca87d97060"
  dependencies:
    is-extendable "^0.1.1"
    kind-of "^2.0.1"
    lazy-cache "^0.2.3"
    mixin-object "^2.0.1"

shebang-command@^1.2.0:
  version "1.2.0"
  resolved "https://registry.yarnpkg.com/shebang-command/-/shebang-command-1.2.0.tgz#44aac65b695b03398968c39f363fee5deafdf1ea"
  dependencies:
    shebang-regex "^1.0.0"

shebang-regex@^1.0.0:
  version "1.0.0"
  resolved "https://registry.yarnpkg.com/shebang-regex/-/shebang-regex-1.0.0.tgz#da42f49740c0b42db2ca9728571cb190c98efea3"

signal-exit@^3.0.0, signal-exit@^3.0.2:
  version "3.0.2"
  resolved "https://registry.yarnpkg.com/signal-exit/-/signal-exit-3.0.2.tgz#b5fdc08f1287ea1178628e415e25132b73646c6d"

split-string@^3.0.1:
  version "3.0.2"
  resolved "https://registry.yarnpkg.com/split-string/-/split-string-3.0.2.tgz#6129bc92731716e5aa1fb73c333078f0b7c114c8"
  dependencies:
    extend-shallow "^2.0.1"

static-extend@^0.1.1:
  version "0.1.2"
  resolved "https://registry.yarnpkg.com/static-extend/-/static-extend-0.1.2.tgz#60809c39cbff55337226fd5e0b520f341f1fb5c6"
  dependencies:
    define-property "^0.2.5"
    object-copy "^0.1.0"

string-width@^2.0.0:
  version "2.1.1"
  resolved "https://registry.yarnpkg.com/string-width/-/string-width-2.1.1.tgz#ab93f27a8dc13d28cac815c462143a6d9012ae9e"
  dependencies:
    is-fullwidth-code-point "^2.0.0"
    strip-ansi "^4.0.0"

strip-ansi@^3.0.0:
  version "3.0.1"
  resolved "https://registry.yarnpkg.com/strip-ansi/-/strip-ansi-3.0.1.tgz#6a385fb8853d952d5ff05d0e8aaf94278dc63dcf"
  dependencies:
    ansi-regex "^2.0.0"

strip-ansi@^4.0.0:
  version "4.0.0"
  resolved "https://registry.yarnpkg.com/strip-ansi/-/strip-ansi-4.0.0.tgz#a8479022eb1ac368a871389b635262c505ee368f"
  dependencies:
    ansi-regex "^3.0.0"

strip-color@^0.1.0:
  version "0.1.0"
  resolved "https://registry.yarnpkg.com/strip-color/-/strip-color-0.1.0.tgz#106f65d3d3e6a2d9401cac0eb0ce8b8a702b4f7b"

strip-eof@^1.0.0:
  version "1.0.0"
  resolved "https://registry.yarnpkg.com/strip-eof/-/strip-eof-1.0.0.tgz#bb43ff5598a6eb05d89b59fcd129c983313606bf"

success-symbol@^0.1.0:
  version "0.1.0"
  resolved "https://registry.yarnpkg.com/success-symbol/-/success-symbol-0.1.0.tgz#24022e486f3bf1cdca094283b769c472d3b72897"

supports-color@^2.0.0:
  version "2.0.0"
  resolved "https://registry.yarnpkg.com/supports-color/-/supports-color-2.0.0.tgz#535d045ce6b6363fa40117084629995e9df324c7"

terminal-paginator@^0.2.0, terminal-paginator@^0.2.1:
  version "0.2.2"
  resolved "https://registry.yarnpkg.com/terminal-paginator/-/terminal-paginator-0.2.2.tgz#e93b86028a2b72b847008c10023e5935b5799930"
  dependencies:
    debug "^2.6.6"
    log-utils "^0.2.1"

terminal-paginator@^2.0.0:
  version "2.0.2"
  resolved "https://registry.yarnpkg.com/terminal-paginator/-/terminal-paginator-2.0.2.tgz#967e66056f28fe8f55ba7c1eebfb7c3ef371c1d3"
  dependencies:
    debug "^2.6.6"
    extend-shallow "^2.0.1"
    log-utils "^0.2.1"

time-stamp@^1.0.1:
  version "1.1.0"
  resolved "https://registry.yarnpkg.com/time-stamp/-/time-stamp-1.1.0.tgz#764a5a11af50561921b133f3b44e618687e0f5c3"

to-object-path@^0.3.0:
  version "0.3.0"
  resolved "https://registry.yarnpkg.com/to-object-path/-/to-object-path-0.3.0.tgz#297588b7b0e7e0ac08e04e672f85c1f4999e17af"
  dependencies:
    kind-of "^3.0.2"

toggle-array@^0.1.0:
  version "0.1.0"
  resolved "https://registry.yarnpkg.com/toggle-array/-/toggle-array-0.1.0.tgz#305c046b1b7b1b8d1d0398d0beb4fe9a19f134fb"
  dependencies:
    isobject "^2.1.0"

toggle-array@^1.0.1:
  version "1.0.1"
  resolved "https://registry.yarnpkg.com/toggle-array/-/toggle-array-1.0.1.tgz#cbf5840792bd5097f33117ae824c932affe87d58"
  dependencies:
    isobject "^3.0.0"

toml@^2.3.2:
  version "2.3.3"
  resolved "https://registry.yarnpkg.com/toml/-/toml-2.3.3.tgz#8d683d729577cb286231dfc7a8affe58d31728fb"

union-value@^0.2.3:
  version "0.2.4"
  resolved "https://registry.yarnpkg.com/union-value/-/union-value-0.2.4.tgz#7375152786679057e7b37aa676e83468fc0274f0"
  dependencies:
    arr-union "^3.1.0"
    get-value "^2.0.6"
    is-extendable "^0.1.1"
    set-value "^0.4.3"

union-value@^1.0.0:
  version "1.0.0"
  resolved "https://registry.yarnpkg.com/union-value/-/union-value-1.0.0.tgz#5c71c34cb5bad5dcebe3ea0cd08207ba5aa1aea4"
  dependencies:
    arr-union "^3.1.0"
    get-value "^2.0.6"
    is-extendable "^0.1.1"
    set-value "^0.4.3"

unset-value@^0.1.1:
  version "0.1.2"
  resolved "https://registry.yarnpkg.com/unset-value/-/unset-value-0.1.2.tgz#506810b867f27c2a5a6e9b04833631f6de58d310"
  dependencies:
    has-value "^0.3.1"
    isobject "^3.0.0"

unset-value@^1.0.0:
  version "1.0.0"
  resolved "https://registry.yarnpkg.com/unset-value/-/unset-value-1.0.0.tgz#8376873f7d2335179ffb1e6fc3a8ed0dfc8ab559"
  dependencies:
    has-value "^0.3.1"
    isobject "^3.0.0"

warning-symbol@^0.1.0:
  version "0.1.0"
  resolved "https://registry.yarnpkg.com/warning-symbol/-/warning-symbol-0.1.0.tgz#bb31dd11b7a0f9d67ab2ed95f457b65825bbad21"

which@1.2.14:
  version "1.2.14"
  resolved "https://registry.yarnpkg.com/which/-/which-1.2.14.tgz#9a87c4378f03e827cecaf1acdf56c736c01c14e5"
  dependencies:
    isexe "^2.0.0"

which@^1.2.9:
  version "1.3.0"
  resolved "https://registry.yarnpkg.com/which/-/which-1.3.0.tgz#ff04bdfc010ee547d780bec38e1ac1c2777d253a"
  dependencies:
    isexe "^2.0.0"

yallist@^2.1.2:
  version "2.1.2"
  resolved "https://registry.yarnpkg.com/yallist/-/yallist-2.1.2.tgz#1c11f9218f076089a47dd512f93c6699a6a81d52"
